dependencies:
  espressif/qrcode:
    component_hash: e07c05f9129250d79c62957c02e2f67d3485e917e6953cbc6637324b3a47ea7f
    source:
      service_url: https://api.components.espressif.com/
      type: service
    version: 0.1.0
  idf:
    component_hash: null
    source:
      type: idf
    version: 5.0.0
manifest_hash: 4d1cb904ecdb95d602be882bfb6b12bfe5d7ebed2aab72dfeefa766e2cfded69
target: esp32c3
version: 1.0.0
